
Microsoft Visual Studio Solution File, Format Version 12.00
# Visual Studio Version 16
VisualStudioVersion = 16.0.30907.101
MinimumVisualStudioVersion = 10.0.40219.1
Project("{FAE04EC0-301F-11D3-BF4B-00C04F79EFBC}") = "RefitMicroservice", "RefitMicroservice.csproj", "{57A26AFD-317D-463E-8DD4-23341959A357}"
EndProject
Global
	GlobalSection(SolutionConfigurationPlatforms) = preSolution
		Debug|Any CPU = Debug|Any CPU
		Release|Any CPU = Release|Any CPU
	EndGlobalSection
	GlobalSection(ProjectConfigurationPlatforms) = postSolution
		{57A26AFD-317D-463E-8DD4-23341959A357}.Debug|Any CPU.ActiveCfg = Debug|Any CPU
		{57A26AFD-317D-463E-8DD4-23341959A357}.Debug|Any CPU.Build.0 = Debug|Any CPU
		{57A26AFD-317D-463E-8DD4-23341959A357}.Release|Any CPU.ActiveCfg = Release|Any CPU
		{57A26AFD-317D-463E-8DD4-23341959A357}.Release|Any CPU.Build.0 = Release|Any CPU
	EndGlobalSection
	GlobalSection(SolutionProperties) = preSolution
		HideSolutionNode = FALSE
	EndGlobalSection
	GlobalSection(ExtensibilityGlobals) = postSolution
		SolutionGuid = {54ABA58B-0F5C-40B1-8435-E7028A8959B6}
	EndGlobalSection
EndGlobal
